
Microsoft Visual Studio Solution File, Format Version 12.00
# Visual Studio Version 17
VisualStudioVersion = 17.8.34525.116
MinimumVisualStudioVersion = 10.0.40219.1
Project("{FAE04EC0-301F-11D3-BF4B-00C04F79EFBC}") = "UI_1", "UI_1.csproj", "{26DD6BB9-664E-47B0-9823-79F073A1E9EE}"
EndProject
Global
	GlobalSection(SolutionConfigurationPlatforms) = preSolution
		Debug|Any CPU = Debug|Any CPU
		Release|Any CPU = Release|Any CPU
	EndGlobalSection
	GlobalSection(ProjectConfigurationPlatforms) = postSolution
		{26DD6BB9-664E-47B0-9823-79F073A1E9EE}.Debug|Any CPU.ActiveCfg = Debug|Any CPU
		{26DD6BB9-664E-47B0-9823-79F073A1E9EE}.Debug|Any CPU.Build.0 = Debug|Any CPU
		{26DD6BB9-664E-47B0-9823-79F073A1E9EE}.Release|Any CPU.ActiveCfg = Release|Any CPU
		{26DD6BB9-664E-47B0-9823-79F073A1E9EE}.Release|Any CPU.Build.0 = Release|Any CPU
	EndGlobalSection
	GlobalSection(SolutionProperties) = preSolution
		HideSolutionNode = FALSE
	EndGlobalSection
	GlobalSection(ExtensibilityGlobals) = postSolution
		SolutionGuid = {2A9BE99C-4C90-4A58-9F53-54D6C98F461C}
	EndGlobalSection
EndGlobal
